# THIS IS AN AUTOGENERATED FILE. DO NOT EDIT THIS FILE DIRECTLY.
assets/bold-upsell-custom.css:
  development: 2018-06-06T06:45:09+02:00   08ee484552eaedf3f33800316bc89d6e
assets/bold-upsell.css:
  development: 2018-06-06T06:45:09+02:00   645ca5d347d68720f4787738669c2c52
assets/chiko-icons.eot:
  development: 2018-06-06T06:45:09+02:00   6173094055b0a2d8390ff08c84e59a95
assets/chiko-icons.woff:
  development: 2018-06-06T06:45:09+02:00   b699a4f8fedf014ffe31a4610f121a75
assets/close-icon.svg:
  development: 2018-06-06T06:45:09+02:00   9adc14fb5c84cbe244c0906c7bc42981
assets/footer_banner.jpg:
  development: 2018-06-06T06:45:10+02:00   cba29e321120f84ae0f413f36b6d0b67
assets/geolizr-lib.css:
  development: 2018-06-06T06:45:10+02:00   62c66a34d5be9bbcc4bb82c0243c5b6e
assets/geolizr-lib.js:
  development: 2018-06-06T06:45:10+02:00   70a4a7b74975faa01b5749981bda5f46
assets/gift-card.scss.liquid:
  development: 2018-06-06T06:45:10+02:00   76e7a91cdbe255b1993805f1b897afc5
assets/jquery-1.11.1.min.js:
  development: 2018-06-06T06:45:10+02:00   8101d596b2b8fa35fe3a634ea342d7c3
assets/jquery.cart.min.js:
  development: 2018-06-06T06:45:11+02:00   fa05ca05ba69c22eea92bb5630c85eae
assets/jquery.currencies.js:
  development: 2018-06-06T06:45:11+02:00   fbda3f892f5bfe99013e90c545ecef31
assets/ly-rtl.css.liquid:
  development: 2018-06-06T06:45:11+02:00   1b5e650e983821f166b74d5819aa2d2e
assets/ly-select-box.js:
  development: 2018-06-06T06:45:11+02:00   c91fa5c195ff06617a093065d9f95d1b
assets/modernizr-2.8.2.min.js:
  development: 2018-06-06T06:45:11+02:00   451265522099ed9eba05f4fc4b8a257c
assets/no-image.png:
  development: 2018-06-06T06:45:11+02:00   dbcf571b95733efe9d94e4701fcc74a7
assets/no-image.svg:
  development: 2018-06-06T06:45:11+02:00   16019705c1a003206589f281c1c6c735
assets/plugins.js:
  development: 2018-06-06T06:45:12+02:00   041a64936bd31b83888032ccfcd93dc2
assets/pxu-social-icons.eot:
  development: 2018-06-06T06:45:12+02:00   0fd296709d57d487ae015953225b421c
assets/pxu-social-icons.svg:
  development: 2018-06-06T06:45:12+02:00   46661d6d65debc63884004fed6e37e5c
assets/pxu-social-icons.ttf:
  development: 2018-06-06T06:45:16+02:00   f566705966769ec1b54e4616ec3b7127
assets/pxu-social-icons.woff:
  development: 2018-06-06T06:45:17+02:00   a636b98ff0c4dfd0a0a63e3498bb6874
assets/theme.js.liquid:
  development: 2018-06-06T06:45:17+02:00   a23e7109d1b98c8d2d5a7f38fea74bcc
assets/theme.scss.liquid:
  development: 2018-06-06T06:45:17+02:00   65c219376726bb2a5f4b7b74f5b135fa
config/settings_data.json:
  development: 2018-06-06T06:45:22+02:00   5a867761f79cfb0ddba5e7670ec825ee
config/settings_schema.json:
  development: 2018-06-06T06:45:22+02:00   4ff7c9cefd9f6221d33d09269587e991
layout/alternative.liquid:
  development: 2018-06-06T06:45:17+02:00   642975fc0529421d618db2b16a168bd1
layout/theme.liquid:
  development: 2018-06-06T06:45:17+02:00   404742cc5eff6d5289608e50e43e72bd
locales/en.default.json:
  development: 2018-06-06T06:45:18+02:00   1000c2fb5275c67959c0ba03a420ecaf
sections/article.liquid:
  development: 2018-06-06T06:45:07+02:00   76c324d5b82afe8fca0043c229967871
sections/blog-masonry.liquid:
  development: 2018-06-06T06:45:07+02:00   d382a23faec62d8dae1eafabf1cb8235
sections/blog.liquid:
  development: 2018-06-06T06:45:07+02:00   c02baa980123ca1f8464c70981043b1e
sections/cart.liquid:
  development: 2018-06-06T10:58:04+02:00   5de2032ff279bede72c1285d1fa3102a
sections/collection-list.liquid:
  development: 2018-06-06T06:45:07+02:00   a5ce4c3d4b91bd1589da75e174b6806e
sections/collection.liquid:
  development: 2018-06-06T06:45:07+02:00   572edf2f8f52991fac8b584b0570b63e
sections/footer.liquid:
  development: 2018-06-06T06:45:08+02:00   c84daae5bc53d6857609ade85a01d475
sections/header.liquid:
  development: 2018-06-06T06:45:08+02:00   9137db0040e001bfe585e47a03a9fc2e
sections/home-blog.liquid:
  development: 2018-06-06T06:45:08+02:00   ca550bf616c19ac605b99e485f14283b
sections/home-collections.liquid:
  development: 2018-06-06T06:45:08+02:00   b6d2ed27542cc42b57a2116bdd06220a
sections/home-masonry-alternative.liquid:
  development: 2018-06-06T06:45:08+02:00   749137478313f0d5cb9371628bd5378c
sections/home-masonry.liquid:
  development: 2018-06-06T06:45:08+02:00   c8ca47dba602930708bf89da14308628
sections/home-message.liquid:
  development: 2018-06-06T06:45:08+02:00   e9c3502e8a09981fdec63e2fd6d6a935
sections/home-products.liquid:
  development: 2018-06-06T06:45:08+02:00   99c1fb425bde7879bd3f945077662f81
sections/home-promotion.liquid:
  development: 2018-06-06T06:45:08+02:00   9020c0a527acca81d9ee49562caec57c
sections/home-slideshow.liquid:
  development: 2018-06-06T06:45:08+02:00   9593208c2d9274ba5230315fe91b0cfa
sections/home-social-widgets.liquid:
  development: 2018-06-06T06:45:08+02:00   5b89267eeda92e812a6dddf88ddc1e39
sections/home-testimonials.liquid:
  development: 2018-06-06T06:45:08+02:00   1f3898b50790e0f4e179b50da7d56620
sections/home-video.liquid:
  development: 2018-06-06T06:45:08+02:00   e1d3af84f2ffa18103b41369ceab76c4
sections/product.liquid:
  development: 2018-06-06T06:45:08+02:00   a3e0a07be7c13abe9d0194303f842060
snippets/block-blog-promo.liquid:
  development: 2018-06-06T06:45:18+02:00   dd65ff79096227f8e952cd24ad203058
snippets/bold-common.liquid:
  development: 2018-06-06T06:45:18+02:00   a4e71f55fb072c2b4ab7bbccd7fb2dcc
snippets/breadcrumbs.liquid:
  development: 2018-06-06T06:45:18+02:00   116023683c550c649b07eae2375f13c2
snippets/collection-list-item.liquid:
  development: 2018-06-06T06:45:18+02:00   14ea739c77b5e40120f645fae256bee3
snippets/eu-cookie-banner-app.liquid:
  development: 2018-06-06T06:45:18+02:00   ba3d9e6f762d457db5d9fab84892df53
snippets/for-looper.liquid:
  development: 2018-06-06T06:45:18+02:00   bac7c8bcc007febc575bd3ee06dd1817
snippets/geolizr-api.liquid:
  development: 2018-06-06T06:45:18+02:00   c70bf366e474a06e8598e1aac1fecdae
snippets/geolizr-json.liquid:
  development: 2018-06-06T06:45:18+02:00   ba648eebdfc053ca84155c9670534c37
snippets/header-mega-nav.liquid:
  development: 2018-06-06T06:45:18+02:00   810f167911d659484c0ed8f3e74d9f4d
snippets/home-blog-post.liquid:
  development: 2018-06-06T06:45:18+02:00   51a6c7ece9ab3fdb24438cacbabc63a8
snippets/home-collection.liquid:
  development: 2018-06-06T06:45:18+02:00   b3bc03120255c18123d61253549e5b81
snippets/home-masonry-feature.liquid:
  development: 2018-06-06T06:45:18+02:00   6e5a02595fd7aab50f15dc0f25b47d02
snippets/home-onboard-product.liquid:
  development: 2018-06-06T06:45:18+02:00   3ec9897c342e89369d527b213209d64a
snippets/home-slideshow-slide.liquid:
  development: 2018-06-06T06:45:18+02:00   88446e6836d1666692d198857ecb494d
snippets/iStock-notify-me.liquid:
  development: 2018-06-06T06:45:18+02:00   0adccbf291ac5604f5377ea404f58451
snippets/icons.liquid:
  development: 2018-06-06T06:45:18+02:00   45acec675de063e76c4fcdf1f7992de8
snippets/judgeme_all_reviews.liquid:
  development: 2018-06-06T06:45:18+02:00   2eb59f5b7251c8dc0c63e9dc08430b4e
snippets/judgeme_core.liquid:
  development: 2018-06-06T06:45:18+02:00   ec344b1be8b7c09d4f31a69afe39fe51
snippets/loading-animation.liquid:
  development: 2018-06-06T06:45:18+02:00   de237566d941ca0e53cbfa0eec7bf234
snippets/ly-asset.liquid:
  development: 2018-06-06T06:45:19+02:00   5b49384efc5cacdfe45e27b228307e34
snippets/ly-content.liquid:
  development: 2018-06-06T06:45:19+02:00   095052f126ee5161fcada2e2290ba219
snippets/ly-description.liquid:
  development: 2018-06-06T06:45:19+02:00   86e1fe1f2e31636fe0c4ffed32da1f94
snippets/ly-excerpt.liquid:
  development: 2018-06-06T06:45:19+02:00   70919a3411e18e541ee34113d4976d0c
snippets/ly-excerpt_or_content.liquid:
  development: 2018-06-06T06:45:19+02:00   bfd234fdc49db624f248c8234c6555f4
snippets/ly-global.liquid:
  development: 2018-06-06T06:45:19+02:00   4adbcfeb4995f0d898354ff7e5b9fe28
snippets/ly-html-parser.liquid:
  development: 2018-06-06T06:45:19+02:00   fb84147bd33c373763f755f091fd6126
snippets/ly-languages-switcher.liquid:
  development: 2018-06-06T06:45:19+02:00   d8aac1ffa9facfa59964530125700a1b
snippets/ly-languages.liquid:
  development: 2018-06-06T06:45:19+02:00   b198c6abd8701e4fba20240eb969b1d4
snippets/ly-option1.liquid:
  development: 2018-06-06T06:45:19+02:00   af8bdfe813518d79a2027dfbbd814075
snippets/ly-option2.liquid:
  development: 2018-06-06T06:45:19+02:00   d4536660876ded467e7974fe13528a05
snippets/ly-option3.liquid:
  development: 2018-06-06T06:45:19+02:00   da42479c2300ebbf3ab8bbe10b2375d2
snippets/ly-static-string.liquid:
  development: 2018-06-06T06:45:19+02:00   11490aac64299b0cf845dd8a22a38021
snippets/ly-static.liquid:
  development: 2018-06-06T06:45:19+02:00   d5a990769c39390af93df1ce04f87b53
snippets/ly-title.liquid:
  development: 2018-06-06T06:45:19+02:00   b8173f56d2b3e6bda5823f2e9499a0ff
snippets/ly-type.liquid:
  development: 2018-06-06T06:45:19+02:00   505fba98ccf0585cfcceb4cb3ce575b2
snippets/ly-vendor.liquid:
  development: 2018-06-06T06:45:19+02:00   4ec53e693fb5ebfcf4efcca1cf538c75
snippets/mini-cart.liquid:
  development: 2018-06-06T06:45:19+02:00   bad7b8433fcee4250b740efd06523853
snippets/mobile-languages-switcher.liquid:
  development: 2018-06-06T06:45:19+02:00   e917e94f60b47fc2a10e4cd891ffa1e6
snippets/modal.liquid:
  development: 2018-06-06T06:45:19+02:00   8f1f87b84844d876a1407c646ff54788
snippets/pagination.liquid:
  development: 2018-06-06T06:45:19+02:00   f39c7e8a36bd91160db29f7ddf39ed62
snippets/payment-icon.liquid:
  development: 2018-06-06T06:45:20+02:00   01bb15403116dcde1cf92c7320992247
snippets/payment.liquid:
  development: 2018-06-06T06:45:20+02:00   41848a4df57d1f8f66740be736617a10
snippets/product-json.liquid:
  development: 2018-06-06T06:45:20+02:00   791aaaf5306cb654ea21ef828375e2d2
snippets/product-list-item.liquid:
  development: 2018-06-06T06:45:20+02:00   faa4546ffc7538efec2f84634140efbb
snippets/product-options-dropdown.liquid:
  development: 2018-06-06T06:45:20+02:00   3394771bf9363b057b76cc773feacf29
snippets/quick-shop.liquid:
  development: 2018-06-06T06:45:20+02:00   ca24830efe9b00485348bf2d8249abbd
snippets/related-products.liquid:
  development: 2018-06-06T06:45:20+02:00   4c5809c649b06598b78e108b9f725f22
snippets/section-article-post.liquid:
  development: 2018-06-06T06:45:20+02:00   5fd1047ee8031ade4f6dca80a25b0692
snippets/section-blog-post-masonry.liquid:
  development: 2018-06-06T06:45:20+02:00   4069337925926ec6c0445e92614be997
snippets/section-blog-post.liquid:
  development: 2018-06-06T06:45:20+02:00   3c981bfd0f028a74444c5fbb3af880ea
snippets/section-blog-sidebar.liquid:
  development: 2018-06-06T06:45:20+02:00   ad32f8392281fe73375b80f0942eb833
snippets/share-buttons.liquid:
  development: 2018-06-06T06:45:20+02:00   ee84bfa597e524359ce242f99628fa2c
snippets/shipping-calculator.liquid:
  development: 2018-06-06T06:45:20+02:00   58464eeec905a187a9c9296a2bdfd6bb
snippets/social-icon.liquid:
  development: 2018-06-06T06:45:20+02:00   5be54a0b470ff20778738feffec0e12b
snippets/social-link.liquid:
  development: 2018-06-06T06:45:20+02:00   ff7d0787d597d09685065b45555bf074
snippets/social-meta.liquid:
  development: 2018-06-06T06:45:20+02:00   81df7f69ad8f4406f2677518d4afa422
snippets/social.liquid:
  development: 2018-06-06T06:45:20+02:00   f00e94b70b828594e07dec647902d63e
snippets/svg-placeholder-uri.liquid:
  development: 2018-06-06T06:45:21+02:00   09125c1d810ca47eebe8453ae28634ab
snippets/svg-sprite.liquid:
  development: 2018-06-06T06:45:21+02:00   30b5ecaab30545855a7fc0f18e5f25cf
snippets/theme-options.liquid:
  development: 2018-06-06T06:45:21+02:00   60a1b8b33899a5c21ffcb0faee752214
templates/404.liquid:
  development: 2018-06-06T06:45:21+02:00   0327fd71082a0135b4b59c592d392d8d
templates/article.liquid:
  development: 2018-06-06T06:45:21+02:00   2322e0673fa4cdc3a0a5940432d0b9ee
templates/blog.liquid:
  development: 2018-06-06T06:45:21+02:00   15aa85e0951f9b0ba27cbe7cba81346b
templates/blog.masonry.liquid:
  development: 2018-06-06T06:45:21+02:00   cbc03bd930ea58da86c52508ba1eed13
templates/cart.liquid:
  development: 2018-06-06T06:45:21+02:00   4707324d4e1580a02abcc61d1a4ecf1a
templates/collection.liquid:
  development: 2018-06-06T06:45:21+02:00   d5e2282b32f83f061b74ca96d2bf166d
templates/customers/account.liquid:
  development: 2018-06-06T06:45:21+02:00   45d9a81307da37d8933487a08b470037
templates/customers/activate_account.liquid:
  development: 2018-06-06T06:45:21+02:00   d56b6dd8ab271c6b585174d1b7e53487
templates/customers/addresses.liquid:
  development: 2018-06-06T06:45:21+02:00   0fec03b50fe03d179ca74c62610d5fde
templates/customers/login.liquid:
  development: 2018-06-06T06:45:21+02:00   210cb95964dcf88af11d1c0c97ec43e4
templates/customers/order.liquid:
  development: 2018-06-06T06:45:21+02:00   152480e2c1f9b46a5f64e5b3a8ee7416
templates/customers/register.liquid:
  development: 2018-06-06T06:45:21+02:00   fec6b5a87a54d283796e88bac1d6b26b
templates/customers/reset_password.liquid:
  development: 2018-06-06T06:45:21+02:00   fff2590ec2b613fffcb71258ed10d5c2
templates/gift_card.liquid:
  development: 2018-06-06T06:45:21+02:00   28399f54edc0bf4b803090ddadf3031a
templates/index.liquid:
  development: 2018-06-06T06:45:22+02:00   bfa2d3b3d2c0ce991f102c9ce44fddf4
templates/list-collections.liquid:
  development: 2018-06-06T06:45:22+02:00   3ce70a03f3520a341f92e3ad6679459c
templates/page.contact.liquid:
  development: 2018-06-06T06:45:22+02:00   3d2b7ab1d2a40e99a8b46582a0e46c9a
templates/page.judgeme_all_reviews.liquid:
  development: 2018-06-06T06:45:22+02:00   f62cde1b6ef3b83c8d7ce8cd40f74157
templates/page.liquid:
  development: 2018-06-06T06:45:22+02:00   7c4e0182ea73fefe78bf6f778950e167
templates/password.liquid:
  development: 2018-06-06T06:45:22+02:00   511a418107bb1e1e181b189e549b82be
templates/product.liquid:
  development: 2018-06-06T06:45:22+02:00   ac8986ad11c41124111ee412449ae468
templates/search.liquid:
  development: 2018-06-06T06:45:22+02:00   6985e0e198a41cc21f7083aed76f1fc6
